
Microsoft Visual Studio Solution File, Format Version 12.00
# Visual Studio Version 17
VisualStudioVersion = 17.14.36518.9 d17.14
MinimumVisualStudioVersion = 10.0.40219.1
Project("{FAE04EC0-301F-11D3-BF4B-00C04F79EFBC}") = "CadastroApp", "CadastroApp\WindowsForms.csproj", "{671B8E2F-DBE3-4C10-8842-38440801D909}"
EndProject
Global
	GlobalSection(SolutionConfigurationPlatforms) = preSolution
		Debug|Any CPU = Debug|Any CPU
		Release|Any CPU = Release|Any CPU
	EndGlobalSection
	GlobalSection(ProjectConfigurationPlatforms) = postSolution
		{671B8E2F-DBE3-4C10-8842-38440801D909}.Debug|Any CPU.ActiveCfg = Debug|Any CPU
		{671B8E2F-DBE3-4C10-8842-38440801D909}.Debug|Any CPU.Build.0 = Debug|Any CPU
		{671B8E2F-DBE3-4C10-8842-38440801D909}.Release|Any CPU.ActiveCfg = Release|Any CPU
		{671B8E2F-DBE3-4C10-8842-38440801D909}.Release|Any CPU.Build.0 = Release|Any CPU
	EndGlobalSection
	GlobalSection(SolutionProperties) = preSolution
		HideSolutionNode = FALSE
	EndGlobalSection
	GlobalSection(ExtensibilityGlobals) = postSolution
		SolutionGuid = {DE2F60FA-6AAA-49C3-8EA0-E3CB1B10C87B}
	EndGlobalSection
EndGlobal
